<Solution>
  <Folder Name="/src/">
    <Project Path="src/PSL.ProjectHub.Api/PSL.ProjectHub.Api.csproj" />
    <Project Path="src/PSL.ProjectHub.Application/PSL.ProjectHub.Application.csproj" />
    <Project Path="src/PSL.ProjectHub.Domain/PSL.ProjectHub.Domain.csproj" />
    <Project Path="src/PSL.ProjectHub.Infrastructure/PSL.ProjectHub.Infrastructure.csproj" />
  </Folder>
  <Folder Name="/tests/">
    <Project Path="tests/PSL.ProjectHub.Api.Tests/PSL.ProjectHub.Api.Tests.csproj" />
  </Folder>
</Solution>
