
Microsoft Visual Studio Solution File, Format Version 12.00
# Visual Studio Version 17
VisualStudioVersion = 17.0.31903.59
MinimumVisualStudioVersion = 10.0.40219.1
Project("{2150E333-8FDC-42A3-9474-1A3956D46DE8}") = "src", "src", "{827E0CD3-B72D-47B6-A68D-7590B98EB39B}"
EndProject
Project("{FAE04EC0-301F-11D3-BF4B-00C04F79EFBC}") = "PSL.ProjectHub.Domain", "src\PSL.ProjectHub.Domain\PSL.ProjectHub.Domain.csproj", "{49A1FE2A-CA5F-48BF-888F-43210E084F8A}"
EndProject
Project("{FAE04EC0-301F-11D3-BF4B-00C04F79EFBC}") = "PSL.ProjectHub.Application", "src\PSL.ProjectHub.Application\PSL.ProjectHub.Application.csproj", "{511225D3-87FF-45EC-A8FF-2C58DE85B8AD}"
EndProject
Project("{FAE04EC0-301F-11D3-BF4B-00C04F79EFBC}") = "PSL.ProjectHub.Infrastructure", "src\PSL.ProjectHub.Infrastructure\PSL.ProjectHub.Infrastructure.csproj", "{566690E7-2668-4E96-A5F8-A54E122764A7}"
EndProject
Project("{FAE04EC0-301F-11D3-BF4B-00C04F79EFBC}") = "PSL.ProjectHub.Api", "src\PSL.ProjectHub.Api\PSL.ProjectHub.Api.csproj", "{204DC441-C3F7-499D-85AF-B3C53D4518B5}"
EndProject
Project("{2150E333-8FDC-42A3-9474-1A3956D46DE8}") = "tests", "tests", "{0AB3BF05-4346-4AA6-1389-037BE0695223}"
EndProject
Project("{FAE04EC0-301F-11D3-BF4B-00C04F79EFBC}") = "PSL.ProjectHub.Api.Tests", "tests\PSL.ProjectHub.Api.Tests\PSL.ProjectHub.Api.Tests.csproj", "{9C0B8419-510B-467D-A8C1-9DDCBBD586D7}"
EndProject
Global
	GlobalSection(SolutionConfigurationPlatforms) = preSolution
		Debug|Any CPU = Debug|Any CPU
		Debug|x64 = Debug|x64
		Debug|x86 = Debug|x86
		Release|Any CPU = Release|Any CPU
		Release|x64 = Release|x64
		Release|x86 = Release|x86
	EndGlobalSection
	GlobalSection(ProjectConfigurationPlatforms) = postSolution
		{49A1FE2A-CA5F-48BF-888F-43210E084F8A}.Debug|Any CPU.ActiveCfg = Debug|Any CPU
		{49A1FE2A-CA5F-48BF-888F-43210E084F8A}.Debug|Any CPU.Build.0 = Debug|Any CPU
		{49A1FE2A-CA5F-48BF-888F-43210E084F8A}.Debug|x64.ActiveCfg = Debug|Any CPU
		{49A1FE2A-CA5F-48BF-888F-43210E084F8A}.Debug|x64.Build.0 = Debug|Any CPU
		{49A1FE2A-CA5F-48BF-888F-43210E084F8A}.Debug|x86.ActiveCfg = Debug|Any CPU
		{49A1FE2A-CA5F-48BF-888F-43210E084F8A}.Debug|x86.Build.0 = Debug|Any CPU
		{49A1FE2A-CA5F-48BF-888F-43210E084F8A}.Release|Any CPU.ActiveCfg = Release|Any CPU
		{49A1FE2A-CA5F-48BF-888F-43210E084F8A}.Release|Any CPU.Build.0 = Release|Any CPU
		{49A1FE2A-CA5F-48BF-888F-43210E084F8A}.Release|x64.ActiveCfg = Release|Any CPU
		{49A1FE2A-CA5F-48BF-888F-43210E084F8A}.Release|x64.Build.0 = Release|Any CPU
		{49A1FE2A-CA5F-48BF-888F-43210E084F8A}.Release|x86.ActiveCfg = Release|Any CPU
		{49A1FE2A-CA5F-48BF-888F-43210E084F8A}.Release|x86.Build.0 = Release|Any CPU
		{511225D3-87FF-45EC-A8FF-2C58DE85B8AD}.Debug|Any CPU.ActiveCfg = Debug|Any CPU
		{511225D3-87FF-45EC-A8FF-2C58DE85B8AD}.Debug|Any CPU.Build.0 = Debug|Any CPU
		{511225D3-87FF-45EC-A8FF-2C58DE85B8AD}.Debug|x64.ActiveCfg = Debug|Any CPU
		{511225D3-87FF-45EC-A8FF-2C58DE85B8AD}.Debug|x64.Build.0 = Debug|Any CPU
		{511225D3-87FF-45EC-A8FF-2C58DE85B8AD}.Debug|x86.ActiveCfg = Debug|Any CPU
		{511225D3-87FF-45EC-A8FF-2C58DE85B8AD}.Debug|x86.Build.0 = Debug|Any CPU
		{511225D3-87FF-45EC-A8FF-2C58DE85B8AD}.Release|Any CPU.ActiveCfg = Release|Any CPU
		{511225D3-87FF-45EC-A8FF-2C58DE85B8AD}.Release|Any CPU.Build.0 = Release|Any CPU
		{511225D3-87FF-45EC-A8FF-2C58DE85B8AD}.Release|x64.ActiveCfg = Release|Any CPU
		{511225D3-87FF-45EC-A8FF-2C58DE85B8AD}.Release|x64.Build.0 = Release|Any CPU
		{511225D3-87FF-45EC-A8FF-2C58DE85B8AD}.Release|x86.ActiveCfg = Release|Any CPU
		{511225D3-87FF-45EC-A8FF-2C58DE85B8AD}.Release|x86.Build.0 = Release|Any CPU
		{566690E7-2668-4E96-A5F8-A54E122764A7}.Debug|Any CPU.ActiveCfg = Debug|Any CPU
		{566690E7-2668-4E96-A5F8-A54E122764A7}.Debug|Any CPU.Build.0 = Debug|Any CPU
		{566690E7-2668-4E96-A5F8-A54E122764A7}.Debug|x64.ActiveCfg = Debug|Any CPU
		{566690E7-2668-4E96-A5F8-A54E122764A7}.Debug|x64.Build.0 = Debug|Any CPU
		{566690E7-2668-4E96-A5F8-A54E122764A7}.Debug|x86.ActiveCfg = Debug|Any CPU
		{566690E7-2668-4E96-A5F8-A54E122764A7}.Debug|x86.Build.0 = Debug|Any CPU
		{566690E7-2668-4E96-A5F8-A54E122764A7}.Release|Any CPU.ActiveCfg = Release|Any CPU
		{566690E7-2668-4E96-A5F8-A54E122764A7}.Release|Any CPU.Build.0 = Release|Any CPU
		{566690E7-2668-4E96-A5F8-A54E122764A7}.Release|x64.ActiveCfg = Release|Any CPU
		{566690E7-2668-4E96-A5F8-A54E122764A7}.Release|x64.Build.0 = Release|Any CPU
		{566690E7-2668-4E96-A5F8-A54E122764A7}.Release|x86.ActiveCfg = Release|Any CPU
		{566690E7-2668-4E96-A5F8-A54E122764A7}.Release|x86.Build.0 = Release|Any CPU
		{204DC441-C3F7-499D-85AF-B3C53D4518B5}.Debug|Any CPU.ActiveCfg = Debug|Any CPU
		{204DC441-C3F7-499D-85AF-B3C53D4518B5}.Debug|Any CPU.Build.0 = Debug|Any CPU
		{204DC441-C3F7-499D-85AF-B3C53D4518B5}.Debug|x64.ActiveCfg = Debug|Any CPU
		{204DC441-C3F7-499D-85AF-B3C53D4518B5}.Debug|x64.Build.0 = Debug|Any CPU
		{204DC441-C3F7-499D-85AF-B3C53D4518B5}.Debug|x86.ActiveCfg = Debug|Any CPU
		{204DC441-C3F7-499D-85AF-B3C53D4518B5}.Debug|x86.Build.0 = Debug|Any CPU
		{204DC441-C3F7-499D-85AF-B3C53D4518B5}.Release|Any CPU.ActiveCfg = Release|Any CPU
		{204DC441-C3F7-499D-85AF-B3C53D4518B5}.Release|Any CPU.Build.0 = Release|Any CPU
		{204DC441-C3F7-499D-85AF-B3C53D4518B5}.Release|x64.ActiveCfg = Release|Any CPU
		{204DC441-C3F7-499D-85AF-B3C53D4518B5}.Release|x64.Build.0 = Release|Any CPU
		{204DC441-C3F7-499D-85AF-B3C53D4518B5}.Release|x86.ActiveCfg = Release|Any CPU
		{204DC441-C3F7-499D-85AF-B3C53D4518B5}.Release|x86.Build.0 = Release|Any CPU
		{9C0B8419-510B-467D-A8C1-9DDCBBD586D7}.Debug|Any CPU.ActiveCfg = Debug|Any CPU
		{9C0B8419-510B-467D-A8C1-9DDCBBD586D7}.Debug|Any CPU.Build.0 = Debug|Any CPU
		{9C0B8419-510B-467D-A8C1-9DDCBBD586D7}.Debug|x64.ActiveCfg = Debug|Any CPU
		{9C0B8419-510B-467D-A8C1-9DDCBBD586D7}.Debug|x64.Build.0 = Debug|Any CPU
		{9C0B8419-510B-467D-A8C1-9DDCBBD586D7}.Debug|x86.ActiveCfg = Debug|Any CPU
		{9C0B8419-510B-467D-A8C1-9DDCBBD586D7}.Debug|x86.Build.0 = Debug|Any CPU
		{9C0B8419-510B-467D-A8C1-9DDCBBD586D7}.Release|Any CPU.ActiveCfg = Release|Any CPU
		{9C0B8419-510B-467D-A8C1-9DDCBBD586D7}.Release|Any CPU.Build.0 = Release|Any CPU
		{9C0B8419-510B-467D-A8C1-9DDCBBD586D7}.Release|x64.ActiveCfg = Release|Any CPU
		{9C0B8419-510B-467D-A8C1-9DDCBBD586D7}.Release|x64.Build.0 = Release|Any CPU
		{9C0B8419-510B-467D-A8C1-9DDCBBD586D7}.Release|x86.ActiveCfg = Release|Any CPU
		{9C0B8419-510B-467D-A8C1-9DDCBBD586D7}.Release|x86.Build.0 = Release|Any CPU
	EndGlobalSection
	GlobalSection(SolutionProperties) = preSolution
		HideSolutionNode = FALSE
	EndGlobalSection
	GlobalSection(NestedProjects) = preSolution
		{49A1FE2A-CA5F-48BF-888F-43210E084F8A} = {827E0CD3-B72D-47B6-A68D-7590B98EB39B}
		{511225D3-87FF-45EC-A8FF-2C58DE85B8AD} = {827E0CD3-B72D-47B6-A68D-7590B98EB39B}
		{566690E7-2668-4E96-A5F8-A54E122764A7} = {827E0CD3-B72D-47B6-A68D-7590B98EB39B}
		{204DC441-C3F7-499D-85AF-B3C53D4518B5} = {827E0CD3-B72D-47B6-A68D-7590B98EB39B}
		{9C0B8419-510B-467D-A8C1-9DDCBBD586D7} = {0AB3BF05-4346-4AA6-1389-037BE0695223}
	EndGlobalSection
EndGlobal
